
Microsoft Visual Studio Solution File, Format Version 12.00
# Visual Studio Version 16
VisualStudioVersion = 16.0.33328.57
MinimumVisualStudioVersion = 10.0.40219.1
Project("{FAE04EC0-301F-11D3-BF4B-00C04F79EFBC}") = "Jim", "Jim\Jim.csproj", "{A05C1EE5-6817-4058-B802-4A86D4CCBF1E}"
EndProject
Project("{FAE04EC0-301F-11D3-BF4B-00C04F79EFBC}") = "BAL", "BAL\BAL.csproj", "{14AF69EA-4982-4358-92D1-770D0C5096C8}"
EndProject
Project("{FAE04EC0-301F-11D3-BF4B-00C04F79EFBC}") = "DAL", "DAL\DAL.csproj", "{31F7627E-8788-47D5-B7F0-F4D96B398EEC}"
EndProject
Global
	GlobalSection(SolutionConfigurationPlatforms) = preSolution
		Debug|Any CPU = Debug|Any CPU
		Release|Any CPU = Release|Any CPU
	EndGlobalSection
	GlobalSection(ProjectConfigurationPlatforms) = postSolution
		{A05C1EE5-6817-4058-B802-4A86D4CCBF1E}.Debug|Any CPU.ActiveCfg = Debug|Any CPU
		{A05C1EE5-6817-4058-B802-4A86D4CCBF1E}.Debug|Any CPU.Build.0 = Debug|Any CPU
		{A05C1EE5-6817-4058-B802-4A86D4CCBF1E}.Release|Any CPU.ActiveCfg = Release|Any CPU
		{A05C1EE5-6817-4058-B802-4A86D4CCBF1E}.Release|Any CPU.Build.0 = Release|Any CPU
		{14AF69EA-4982-4358-92D1-770D0C5096C8}.Debug|Any CPU.ActiveCfg = Debug|Any CPU
		{14AF69EA-4982-4358-92D1-770D0C5096C8}.Debug|Any CPU.Build.0 = Debug|Any CPU
		{14AF69EA-4982-4358-92D1-770D0C5096C8}.Release|Any CPU.ActiveCfg = Release|Any CPU
		{14AF69EA-4982-4358-92D1-770D0C5096C8}.Release|Any CPU.Build.0 = Release|Any CPU
		{31F7627E-8788-47D5-B7F0-F4D96B398EEC}.Debug|Any CPU.ActiveCfg = Debug|Any CPU
		{31F7627E-8788-47D5-B7F0-F4D96B398EEC}.Debug|Any CPU.Build.0 = Debug|Any CPU
		{31F7627E-8788-47D5-B7F0-F4D96B398EEC}.Release|Any CPU.ActiveCfg = Release|Any CPU
		{31F7627E-8788-47D5-B7F0-F4D96B398EEC}.Release|Any CPU.Build.0 = Release|Any CPU
	EndGlobalSection
	GlobalSection(SolutionProperties) = preSolution
		HideSolutionNode = FALSE
	EndGlobalSection
	GlobalSection(ExtensibilityGlobals) = postSolution
		SolutionGuid = {9018CF38-5221-4E46-85D8-164E20E204ED}
	EndGlobalSection
EndGlobal
